
Microsoft Visual Studio Solution File, Format Version 12.00
# Visual Studio Version 17
VisualStudioVersion = 17.7.33808.371
MinimumVisualStudioVersion = 10.0.40219.1
Project("{9A19103F-16F7-4668-BE54-9A1E7A4F7556}") = "RabbitMQSubcriber", "src\RabbitMQSubcriber\RabbitMQSubcriber.csproj", "{C6518CF8-0A84-48CE-B7FA-9703A9F44A7E}"
EndProject
Project("{9A19103F-16F7-4668-BE54-9A1E7A4F7556}") = "Subcriber", "Example\Subcriber\Subcriber.csproj", "{178DF653-8F59-4FE9-9989-58E83DBDE815}"
EndProject
Project("{9A19103F-16F7-4668-BE54-9A1E7A4F7556}") = "Subcriber2", "Example\Subcriber2\Subcriber2.csproj", "{69A85669-A11F-4B51-8EF7-4A9B7B5C4464}"
EndProject
Project("{9A19103F-16F7-4668-BE54-9A1E7A4F7556}") = "RabbitMQPublisher", "src\RabbitMQPublisher\RabbitMQPublisher.csproj", "{0ED51B44-D435-4B30-9943-F70D1B3DB897}"
EndProject
Project("{2150E333-8FDC-42A3-9474-1A3956D46DE8}") = "Example", "Example", "{BF0D5BEC-D2EC-4746-B69F-FA1D6836A02D}"
EndProject
Project("{2150E333-8FDC-42A3-9474-1A3956D46DE8}") = "src", "src", "{A8063DB1-5823-4E67-9A50-A52EAEEB62E1}"
EndProject
Project("{FAE04EC0-301F-11D3-BF4B-00C04F79EFBC}") = "Publisher", "Publisher\Publisher.csproj", "{265DE09E-A5F0-46B6-8BA6-A46CA414354F}"
EndProject
Global
	GlobalSection(SolutionConfigurationPlatforms) = preSolution
		Debug|Any CPU = Debug|Any CPU
		Release|Any CPU = Release|Any CPU
	EndGlobalSection
	GlobalSection(ProjectConfigurationPlatforms) = postSolution
		{C6518CF8-0A84-48CE-B7FA-9703A9F44A7E}.Debug|Any CPU.ActiveCfg = Debug|Any CPU
		{C6518CF8-0A84-48CE-B7FA-9703A9F44A7E}.Debug|Any CPU.Build.0 = Debug|Any CPU
		{C6518CF8-0A84-48CE-B7FA-9703A9F44A7E}.Release|Any CPU.ActiveCfg = Release|Any CPU
		{C6518CF8-0A84-48CE-B7FA-9703A9F44A7E}.Release|Any CPU.Build.0 = Release|Any CPU
		{178DF653-8F59-4FE9-9989-58E83DBDE815}.Debug|Any CPU.ActiveCfg = Debug|Any CPU
		{178DF653-8F59-4FE9-9989-58E83DBDE815}.Debug|Any CPU.Build.0 = Debug|Any CPU
		{178DF653-8F59-4FE9-9989-58E83DBDE815}.Release|Any CPU.ActiveCfg = Release|Any CPU
		{178DF653-8F59-4FE9-9989-58E83DBDE815}.Release|Any CPU.Build.0 = Release|Any CPU
		{69A85669-A11F-4B51-8EF7-4A9B7B5C4464}.Debug|Any CPU.ActiveCfg = Debug|Any CPU
		{69A85669-A11F-4B51-8EF7-4A9B7B5C4464}.Debug|Any CPU.Build.0 = Debug|Any CPU
		{69A85669-A11F-4B51-8EF7-4A9B7B5C4464}.Release|Any CPU.ActiveCfg = Release|Any CPU
		{69A85669-A11F-4B51-8EF7-4A9B7B5C4464}.Release|Any CPU.Build.0 = Release|Any CPU
		{0ED51B44-D435-4B30-9943-F70D1B3DB897}.Debug|Any CPU.ActiveCfg = Debug|Any CPU
		{0ED51B44-D435-4B30-9943-F70D1B3DB897}.Debug|Any CPU.Build.0 = Debug|Any CPU
		{0ED51B44-D435-4B30-9943-F70D1B3DB897}.Release|Any CPU.ActiveCfg = Release|Any CPU
		{0ED51B44-D435-4B30-9943-F70D1B3DB897}.Release|Any CPU.Build.0 = Release|Any CPU
		{265DE09E-A5F0-46B6-8BA6-A46CA414354F}.Debug|Any CPU.ActiveCfg = Debug|Any CPU
		{265DE09E-A5F0-46B6-8BA6-A46CA414354F}.Debug|Any CPU.Build.0 = Debug|Any CPU
		{265DE09E-A5F0-46B6-8BA6-A46CA414354F}.Release|Any CPU.ActiveCfg = Release|Any CPU
		{265DE09E-A5F0-46B6-8BA6-A46CA414354F}.Release|Any CPU.Build.0 = Release|Any CPU
	EndGlobalSection
	GlobalSection(SolutionProperties) = preSolution
		HideSolutionNode = FALSE
	EndGlobalSection
	GlobalSection(NestedProjects) = preSolution
		{C6518CF8-0A84-48CE-B7FA-9703A9F44A7E} = {A8063DB1-5823-4E67-9A50-A52EAEEB62E1}
		{178DF653-8F59-4FE9-9989-58E83DBDE815} = {BF0D5BEC-D2EC-4746-B69F-FA1D6836A02D}
		{69A85669-A11F-4B51-8EF7-4A9B7B5C4464} = {BF0D5BEC-D2EC-4746-B69F-FA1D6836A02D}
		{0ED51B44-D435-4B30-9943-F70D1B3DB897} = {A8063DB1-5823-4E67-9A50-A52EAEEB62E1}
		{265DE09E-A5F0-46B6-8BA6-A46CA414354F} = {BF0D5BEC-D2EC-4746-B69F-FA1D6836A02D}
	EndGlobalSection
	GlobalSection(ExtensibilityGlobals) = postSolution
		SolutionGuid = {C636D7AF-966C-410B-810E-81C1A2AB465E}
	EndGlobalSection
EndGlobal
